PODS:
  - ADAssertLayout (0.1.1)
  - SwiftLint (0.39.1)

DEPENDENCIES:
  - ADAssertLayout (from `../`)
  - SwiftLint (~> 0.39)

SPEC REPOS:
  trunk:
    - SwiftLint

EXTERNAL SOURCES:
  ADAssertLayout:
    :path: "../"

SPEC CHECKSUMS:
  ADAssertLayout: 8895a75161560c545314849baf3fcf06779a531f
  SwiftLint: 55e96a4a4d537d4a3156859fc1c54bd24851a046

PODFILE CHECKSUM: 5593091a12f892e08e217e45613d4ea5538e3da9

COCOAPODS: 1.9.1
